
Microsoft Visual Studio Solution File, Format Version 12.00
# Visual Studio Version 16
VisualStudioVersion = 16.0.30503.244
MinimumVisualStudioVersion = 10.0.40219.1
Project("{FAE04EC0-301F-11D3-BF4B-00C04F79EFBC}") = "AddressBookSystem", "AddressBookSystem.csproj", "{5DBA8C35-3DCF-4367-9B57-E2CEAB6A0E35}"
EndProject
Project("{FAE04EC0-301F-11D3-BF4B-00C04F79EFBC}") = "AddressBookSystemTesting", "AddressBookSystemTesting\AddressBookSystemTesting.csproj", "{373E12B7-9D8A-430B-8F27-89971FE8079C}"
EndProject
Project("{2150E333-8FDC-42A3-9474-1A3956D46DE8}") = "Solution Items", "Solution Items", "{A4567FDF-FF2F-4699-AFFB-7D4FA4C6573B}"
	ProjectSection(SolutionItems) = preProject
		.editorconfig = .editorconfig
	EndProjectSection
EndProject
Global
	GlobalSection(SolutionConfigurationPlatforms) = preSolution
		Debug|Any CPU = Debug|Any CPU
		Release|Any CPU = Release|Any CPU
	EndGlobalSection
	GlobalSection(ProjectConfigurationPlatforms) = postSolution
		{5DBA8C35-3DCF-4367-9B57-E2CEAB6A0E35}.Debug|Any CPU.ActiveCfg = Debug|Any CPU
		{5DBA8C35-3DCF-4367-9B57-E2CEAB6A0E35}.Debug|Any CPU.Build.0 = Debug|Any CPU
		{5DBA8C35-3DCF-4367-9B57-E2CEAB6A0E35}.Release|Any CPU.ActiveCfg = Release|Any CPU
		{5DBA8C35-3DCF-4367-9B57-E2CEAB6A0E35}.Release|Any CPU.Build.0 = Release|Any CPU
		{373E12B7-9D8A-430B-8F27-89971FE8079C}.Debug|Any CPU.ActiveCfg = Debug|Any CPU
		{373E12B7-9D8A-430B-8F27-89971FE8079C}.Debug|Any CPU.Build.0 = Debug|Any CPU
		{373E12B7-9D8A-430B-8F27-89971FE8079C}.Release|Any CPU.ActiveCfg = Release|Any CPU
		{373E12B7-9D8A-430B-8F27-89971FE8079C}.Release|Any CPU.Build.0 = Release|Any CPU
	EndGlobalSection
	GlobalSection(SolutionProperties) = preSolution
		HideSolutionNode = FALSE
	EndGlobalSection
	GlobalSection(ExtensibilityGlobals) = postSolution
		SolutionGuid = {FF690201-7F94-4252-9F46-BE2377D0DB49}
	EndGlobalSection
EndGlobal
